PODS:
  - FlutterMacOS (1.0.0)
  - local_notifier (0.1.0):
    - FlutterMacOS
  - printing (1.0.0):
    - FlutterMacOS
  - ua_client_hints (1.7.0):
    - FlutterMacOS
  - window_manager (0.2.0):
    - FlutterMacOS

DEPENDENCIES:
  - FlutterMacOS (from `Flutter/ephemeral`)
  - local_notifier (from `Flutter/ephemeral/.symlinks/plugins/local_notifier/macos`)
  - printing (from `Flutter/ephemeral/.symlinks/plugins/printing/macos`)
  - ua_client_hints (from `Flutter/ephemeral/.symlinks/plugins/ua_client_hints/macos`)
  - window_manager (from `Flutter/ephemeral/.symlinks/plugins/window_manager/macos`)

EXTERNAL SOURCES:
  FlutterMacOS:
    :path: Flutter/ephemeral
  local_notifier:
    :path: Flutter/ephemeral/.symlinks/plugins/local_notifier/macos
  printing:
    :path: Flutter/ephemeral/.symlinks/plugins/printing/macos
  ua_client_hints:
    :path: Flutter/ephemeral/.symlinks/plugins/ua_client_hints/macos
  window_manager:
    :path: Flutter/ephemeral/.symlinks/plugins/window_manager/macos

SPEC CHECKSUMS:
  FlutterMacOS: d0db08ddef1a9af05a5ec4b724367152bb0500b1
  local_notifier: e9506bc66fc70311e8bc7291fb70f743c081e4ff
  printing: 1dd6a1fce2209ec240698e2439a4adbb9b427637
  ua_client_hints: 40e539ba0869d066911a546a7bb63fb55b40c6c3
  window_manager: 3a1844359a6295ab1e47659b1a777e36773cd6e8

PODFILE CHECKSUM: bac2186806ea901d391c664c7bfc8ccce0ee7cb7

COCOAPODS: 1.11.3
